
Microsoft Visual Studio Solution File, Format Version 12.00
# Visual Studio 2013
VisualStudioVersion = 12.0.31101.0
MinimumVisualStudioVersion = 10.0.40219.1
Project("{FAE04EC0-301F-11D3-BF4B-00C04F79EFBC}") = "ReadWriteTests", "ReadWriteTests\ReadWriteTests.csproj", "{9F6F9876-C1B1-4AB4-9B0B-3142A7F83913}"
EndProject
Project("{FAE04EC0-301F-11D3-BF4B-00C04F79EFBC}") = "AdventureWorks2008Model", "AdventureWorks2008Model\AdventureWorks2008.csproj", "{26A446B2-7479-4DCB-A13B-C2A97F128A36}"
EndProject
Project("{FAE04EC0-301F-11D3-BF4B-00C04F79EFBC}") = "WriteTestsModel", "WriteTestsModel\WriteTestsModel.csproj", "{AA675C83-9ABF-4F19-8601-AD5FDDEE0172}"
EndProject
Project("{2150E333-8FDC-42A3-9474-1A3956D46DE8}") = "ModelProjects", "ModelProjects", "{28E1983A-5EE4-49B9-8904-749DC723BE19}"
EndProject
Global
	GlobalSection(SolutionConfigurationPlatforms) = preSolution
		Debug|Any CPU = Debug|Any CPU
		Release|Any CPU = Release|Any CPU
	EndGlobalSection
	GlobalSection(ProjectConfigurationPlatforms) = postSolution
		{9F6F9876-C1B1-4AB4-9B0B-3142A7F83913}.Debug|Any CPU.ActiveCfg = Debug|Any CPU
		{9F6F9876-C1B1-4AB4-9B0B-3142A7F83913}.Debug|Any CPU.Build.0 = Debug|Any CPU
		{9F6F9876-C1B1-4AB4-9B0B-3142A7F83913}.Release|Any CPU.ActiveCfg = Release|Any CPU
		{9F6F9876-C1B1-4AB4-9B0B-3142A7F83913}.Release|Any CPU.Build.0 = Release|Any CPU
		{26A446B2-7479-4DCB-A13B-C2A97F128A36}.Debug|Any CPU.ActiveCfg = Debug|Any CPU
		{26A446B2-7479-4DCB-A13B-C2A97F128A36}.Debug|Any CPU.Build.0 = Debug|Any CPU
		{26A446B2-7479-4DCB-A13B-C2A97F128A36}.Release|Any CPU.ActiveCfg = Release|Any CPU
		{26A446B2-7479-4DCB-A13B-C2A97F128A36}.Release|Any CPU.Build.0 = Release|Any CPU
		{AA675C83-9ABF-4F19-8601-AD5FDDEE0172}.Debug|Any CPU.ActiveCfg = Debug|Any CPU
		{AA675C83-9ABF-4F19-8601-AD5FDDEE0172}.Debug|Any CPU.Build.0 = Debug|Any CPU
		{AA675C83-9ABF-4F19-8601-AD5FDDEE0172}.Release|Any CPU.ActiveCfg = Release|Any CPU
		{AA675C83-9ABF-4F19-8601-AD5FDDEE0172}.Release|Any CPU.Build.0 = Release|Any CPU
	EndGlobalSection
	GlobalSection(SolutionProperties) = preSolution
		HideSolutionNode = FALSE
	EndGlobalSection
	GlobalSection(NestedProjects) = preSolution
		{26A446B2-7479-4DCB-A13B-C2A97F128A36} = {28E1983A-5EE4-49B9-8904-749DC723BE19}
		{AA675C83-9ABF-4F19-8601-AD5FDDEE0172} = {28E1983A-5EE4-49B9-8904-749DC723BE19}
	EndGlobalSection
EndGlobal
